
Microsoft Visual Studio Solution File, Format Version 12.00
# Visual Studio Version 17
VisualStudioVersion = 17.7.34221.43
MinimumVisualStudioVersion = 10.0.40219.1
Project("{FAE04EC0-301F-11D3-BF4B-00C04F79EFBC}") = "C# ile basit Atm uygulması", "C# ile basit Atm uygulması\C# ile basit Atm uygulması.csproj", "{F916B9EE-3C1E-475E-BEA2-9652A87FE5BA}"
EndProject
Global
	GlobalSection(SolutionConfigurationPlatforms) = preSolution
		Debug|Any CPU = Debug|Any CPU
		Release|Any CPU = Release|Any CPU
	EndGlobalSection
	GlobalSection(ProjectConfigurationPlatforms) = postSolution
		{F916B9EE-3C1E-475E-BEA2-9652A87FE5BA}.Debug|Any CPU.ActiveCfg = Debug|Any CPU
		{F916B9EE-3C1E-475E-BEA2-9652A87FE5BA}.Debug|Any CPU.Build.0 = Debug|Any CPU
		{F916B9EE-3C1E-475E-BEA2-9652A87FE5BA}.Release|Any CPU.ActiveCfg = Release|Any CPU
		{F916B9EE-3C1E-475E-BEA2-9652A87FE5BA}.Release|Any CPU.Build.0 = Release|Any CPU
	EndGlobalSection
	GlobalSection(SolutionProperties) = preSolution
		HideSolutionNode = FALSE
	EndGlobalSection
	GlobalSection(ExtensibilityGlobals) = postSolution
		SolutionGuid = {82079400-A94A-4957-8B7D-71485F25C147}
	EndGlobalSection
EndGlobal
